
Microsoft Visual Studio Solution File, Format Version 12.00
# Visual Studio Version 17
VisualStudioVersion = 17.11.35327.3
MinimumVisualStudioVersion = 10.0.40219.1
Project("{9A19103F-16F7-4668-BE54-9A1E7A4F7556}") = "Cosmos.App.Hithink.ComDemo", "Cosmos.App.Hithink.ComDemo\Cosmos.App.Hithink.ComDemo.csproj", "{6D88D73E-0C3F-405E-8D6F-DC2BE771ABDE}"
EndProject
Project("{9A19103F-16F7-4668-BE54-9A1E7A4F7556}") = "Cosmos.DataAccess.Trade", "Cosmos.DataAccess.Trade\Cosmos.DataAccess.Trade.csproj", "{23D696EA-2725-46D0-9F37-F8DF19897B53}"
EndProject
Project("{9A19103F-16F7-4668-BE54-9A1E7A4F7556}") = "Cosmos.DataAccess.Trade.HighGate", "Cosmos.DataAccess.Trade.HighGate\Cosmos.DataAccess.Trade.HighGate.csproj", "{F29BD4C6-CFC9-4938-B96B-58969BFDBD90}"
EndProject
Global
	GlobalSection(SolutionConfigurationPlatforms) = preSolution
		Debug|Any CPU = Debug|Any CPU
		Debug|x64 = Debug|x64
		Debug|x86 = Debug|x86
		Publish|Any CPU = Publish|Any CPU
		Publish|x64 = Publish|x64
		Publish|x86 = Publish|x86
		Release|Any CPU = Release|Any CPU
		Release|x64 = Release|x64
		Release|x86 = Release|x86
	EndGlobalSection
	GlobalSection(ProjectConfigurationPlatforms) = postSolution
		{6D88D73E-0C3F-405E-8D6F-DC2BE771ABDE}.Debug|Any CPU.ActiveCfg = Debug|Any CPU
		{6D88D73E-0C3F-405E-8D6F-DC2BE771ABDE}.Debug|Any CPU.Build.0 = Debug|Any CPU
		{6D88D73E-0C3F-405E-8D6F-DC2BE771ABDE}.Debug|x64.ActiveCfg = Debug|Any CPU
		{6D88D73E-0C3F-405E-8D6F-DC2BE771ABDE}.Debug|x64.Build.0 = Debug|Any CPU
		{6D88D73E-0C3F-405E-8D6F-DC2BE771ABDE}.Debug|x86.ActiveCfg = Debug|Any CPU
		{6D88D73E-0C3F-405E-8D6F-DC2BE771ABDE}.Debug|x86.Build.0 = Debug|Any CPU
		{6D88D73E-0C3F-405E-8D6F-DC2BE771ABDE}.Publish|Any CPU.ActiveCfg = Publish|Any CPU
		{6D88D73E-0C3F-405E-8D6F-DC2BE771ABDE}.Publish|Any CPU.Build.0 = Publish|Any CPU
		{6D88D73E-0C3F-405E-8D6F-DC2BE771ABDE}.Publish|x64.ActiveCfg = Publish|Any CPU
		{6D88D73E-0C3F-405E-8D6F-DC2BE771ABDE}.Publish|x64.Build.0 = Publish|Any CPU
		{6D88D73E-0C3F-405E-8D6F-DC2BE771ABDE}.Publish|x86.ActiveCfg = Publish|Any CPU
		{6D88D73E-0C3F-405E-8D6F-DC2BE771ABDE}.Publish|x86.Build.0 = Publish|Any CPU
		{6D88D73E-0C3F-405E-8D6F-DC2BE771ABDE}.Release|Any CPU.ActiveCfg = Release|Any CPU
		{6D88D73E-0C3F-405E-8D6F-DC2BE771ABDE}.Release|Any CPU.Build.0 = Release|Any CPU
		{6D88D73E-0C3F-405E-8D6F-DC2BE771ABDE}.Release|x64.ActiveCfg = Release|Any CPU
		{6D88D73E-0C3F-405E-8D6F-DC2BE771ABDE}.Release|x64.Build.0 = Release|Any CPU
		{6D88D73E-0C3F-405E-8D6F-DC2BE771ABDE}.Release|x86.ActiveCfg = Release|Any CPU
		{6D88D73E-0C3F-405E-8D6F-DC2BE771ABDE}.Release|x86.Build.0 = Release|Any CPU
		{23D696EA-2725-46D0-9F37-F8DF19897B53}.Debug|Any CPU.ActiveCfg = Debug|Any CPU
		{23D696EA-2725-46D0-9F37-F8DF19897B53}.Debug|Any CPU.Build.0 = Debug|Any CPU
		{23D696EA-2725-46D0-9F37-F8DF19897B53}.Debug|x64.ActiveCfg = Debug|Any CPU
		{23D696EA-2725-46D0-9F37-F8DF19897B53}.Debug|x64.Build.0 = Debug|Any CPU
		{23D696EA-2725-46D0-9F37-F8DF19897B53}.Debug|x86.ActiveCfg = Debug|Any CPU
		{23D696EA-2725-46D0-9F37-F8DF19897B53}.Debug|x86.Build.0 = Debug|Any CPU
		{23D696EA-2725-46D0-9F37-F8DF19897B53}.Publish|Any CPU.ActiveCfg = Publish|Any CPU
		{23D696EA-2725-46D0-9F37-F8DF19897B53}.Publish|Any CPU.Build.0 = Publish|Any CPU
		{23D696EA-2725-46D0-9F37-F8DF19897B53}.Publish|x64.ActiveCfg = Publish|Any CPU
		{23D696EA-2725-46D0-9F37-F8DF19897B53}.Publish|x64.Build.0 = Publish|Any CPU
		{23D696EA-2725-46D0-9F37-F8DF19897B53}.Publish|x86.ActiveCfg = Publish|Any CPU
		{23D696EA-2725-46D0-9F37-F8DF19897B53}.Publish|x86.Build.0 = Publish|Any CPU
		{23D696EA-2725-46D0-9F37-F8DF19897B53}.Release|Any CPU.ActiveCfg = Release|Any CPU
		{23D696EA-2725-46D0-9F37-F8DF19897B53}.Release|Any CPU.Build.0 = Release|Any CPU
		{23D696EA-2725-46D0-9F37-F8DF19897B53}.Release|x64.ActiveCfg = Release|Any CPU
		{23D696EA-2725-46D0-9F37-F8DF19897B53}.Release|x64.Build.0 = Release|Any CPU
		{23D696EA-2725-46D0-9F37-F8DF19897B53}.Release|x86.ActiveCfg = Release|Any CPU
		{23D696EA-2725-46D0-9F37-F8DF19897B53}.Release|x86.Build.0 = Release|Any CPU
		{F29BD4C6-CFC9-4938-B96B-58969BFDBD90}.Debug|Any CPU.ActiveCfg = Debug|Any CPU
		{F29BD4C6-CFC9-4938-B96B-58969BFDBD90}.Debug|Any CPU.Build.0 = Debug|Any CPU
		{F29BD4C6-CFC9-4938-B96B-58969BFDBD90}.Debug|x64.ActiveCfg = Debug|Any CPU
		{F29BD4C6-CFC9-4938-B96B-58969BFDBD90}.Debug|x64.Build.0 = Debug|Any CPU
		{F29BD4C6-CFC9-4938-B96B-58969BFDBD90}.Debug|x86.ActiveCfg = Debug|Any CPU
		{F29BD4C6-CFC9-4938-B96B-58969BFDBD90}.Debug|x86.Build.0 = Debug|Any CPU
		{F29BD4C6-CFC9-4938-B96B-58969BFDBD90}.Publish|Any CPU.ActiveCfg = Publish|Any CPU
		{F29BD4C6-CFC9-4938-B96B-58969BFDBD90}.Publish|Any CPU.Build.0 = Publish|Any CPU
		{F29BD4C6-CFC9-4938-B96B-58969BFDBD90}.Publish|x64.ActiveCfg = Publish|Any CPU
		{F29BD4C6-CFC9-4938-B96B-58969BFDBD90}.Publish|x64.Build.0 = Publish|Any CPU
		{F29BD4C6-CFC9-4938-B96B-58969BFDBD90}.Publish|x86.ActiveCfg = Publish|Any CPU
		{F29BD4C6-CFC9-4938-B96B-58969BFDBD90}.Publish|x86.Build.0 = Publish|Any CPU
		{F29BD4C6-CFC9-4938-B96B-58969BFDBD90}.Release|Any CPU.ActiveCfg = Release|Any CPU
		{F29BD4C6-CFC9-4938-B96B-58969BFDBD90}.Release|Any CPU.Build.0 = Release|Any CPU
		{F29BD4C6-CFC9-4938-B96B-58969BFDBD90}.Release|x64.ActiveCfg = Release|Any CPU
		{F29BD4C6-CFC9-4938-B96B-58969BFDBD90}.Release|x64.Build.0 = Release|Any CPU
		{F29BD4C6-CFC9-4938-B96B-58969BFDBD90}.Release|x86.ActiveCfg = Release|Any CPU
		{F29BD4C6-CFC9-4938-B96B-58969BFDBD90}.Release|x86.Build.0 = Release|Any CPU
	EndGlobalSection
	GlobalSection(SolutionProperties) = preSolution
		HideSolutionNode = FALSE
	EndGlobalSection
	GlobalSection(ExtensibilityGlobals) = postSolution
		SolutionGuid = {2682908B-3DCC-460B-A50A-40BD70CAA3E5}
	EndGlobalSection
EndGlobal
